// !$*UTF8*$!
{
	archiveVersion = 1;
	classes = {
	};
	objectVersion = 48;
	objects = {

/* Begin PBXBuildFile section */
		19726E601FEB5516008522F1 /* AppDelegate.swift in Sources */ = {isa = PBXBuildFile; fileRef = 19726E5F1FEB5516008522F1 /* AppDelegate.swift */; };
		19726E651FEB5516008522F1 /* Main.storyboard in Resources */ = {isa = PBXBuildFile; fileRef = 19726E631FEB5516008522F1 /* Main.storyboard */; };
		19726E671FEB5516008522F1 /* Assets.xcassets in Resources */ = {isa = PBXBuildFile; fileRef = 19726E661FEB5516008522F1 /* Assets.xcassets */; };
		19726E6A1FEB5516008522F1 /* LaunchScreen.storyboard in Resources */ = {isa = PBXBuildFile; fileRef = 19726E681FEB5516008522F1 /* LaunchScreen.storyboard */; };
		19726E751FEB56B0008522F1 /* Constant.swift in Sources */ = {isa = PBXBuildFile; fileRef = 19726E741FEB56B0008522F1 /* Constant.swift */; };
		19726E771FEB56F3008522F1 /* StudyGroup.swift in Sources */ = {isa = PBXBuildFile; fileRef = 19726E761FEB56F3008522F1 /* StudyGroup.swift */; };
		19726E791FEB5777008522F1 /* TopViewController.swift in Sources */ = {isa = PBXBuildFile; fileRef = 19726E781FEB5777008522F1 /* TopViewController.swift */; };
		19726E7B1FEB5A3F008522F1 /* SystemFontViewController.swift in Sources */ = {isa = PBXBuildFile; fileRef = 19726E7A1FEB5A3F008522F1 /* SystemFontViewController.swift */; };
		19726E7D1FEB5BD5008522F1 /* CustomFontViewController.swift in Sources */ = {isa = PBXBuildFile; fileRef = 19726E7C1FEB5BD5008522F1 /* CustomFontViewController.swift */; };
		19726E851FEB5E6C008522F1 /* StudyGroupTableViewCell.swift in Sources */ = {isa = PBXBuildFile; fileRef = 19726E831FEB5E6C008522F1 /* StudyGroupTableViewCell.swift */; };
		19726E861FEB5E6C008522F1 /* StudyGroupTableViewCell.xib in Resources */ = {isa = PBXBuildFile; fileRef = 19726E841FEB5E6C008522F1 /* StudyGroupTableViewCell.xib */; };
		19726E881FEB6151008522F1 /* StudyGroupViewController.swift in Sources */ = {isa = PBXBuildFile; fileRef = 19726E871FEB6151008522F1 /* StudyGroupViewController.swift */; };
		19726E8A1FEB63DC008522F1 /* StudyGroupAdvancedTableViewCell.swift in Sources */ = {isa = PBXBuildFile; fileRef = 19726E891FEB63DC008522F1 /* StudyGroupAdvancedTableViewCell.swift */; };
		19726E8C1FEB644F008522F1 /* StudyGroupAdvancedViewController.swift in Sources */ = {isa = PBXBuildFile; fileRef = 19726E8B1FEB644F008522F1 /* StudyGroupAdvancedViewController.swift */; };
/* End PBXBuildFile section */

/* Begin PBXFileReference section */
		19726E5C1FEB5516008522F1 /* DynamicTypeSample.app */ = {isa = PBXFileReference; explicitFileType = wrapper.application; includeInIndex = 0; path = DynamicTypeSample.app; sourceTree = BUILT_PRODUCTS_DIR; };
		19726E5F1FEB5516008522F1 /* AppDelegate.swift */ = {isa = PBXFileReference; lastKnownFileType = sourcecode.swift; path = AppDelegate.swift; sourceTree = "<group>"; };
		19726E641FEB5516008522F1 /* Base */ = {isa = PBXFileReference; lastKnownFileType = file.storyboard; name = Base; path = Base.lproj/Main.storyboard; sourceTree = "<group>"; };
		19726E661FEB5516008522F1 /* Assets.xcassets */ = {isa = PBXFileReference; lastKnownFileType = folder.assetcatalog; path = Assets.xcassets; sourceTree = "<group>"; };
		19726E691FEB5516008522F1 /* Base */ = {isa = PBXFileReference; lastKnownFileType = file.storyboard; name = Base; path = Base.lproj/LaunchScreen.storyboard; sourceTree = "<group>"; };
		19726E6B1FEB5516008522F1 /* Info.plist */ = {isa = PBXFileReference; lastKnownFileType = text.plist.xml; path = Info.plist; sourceTree = "<group>"; };
		19726E741FEB56B0008522F1 /* Constant.swift */ = {isa = PBXFileReference; lastKnownFileType = sourcecode.swift; path = Constant.swift; sourceTree = "<group>"; };
		19726E761FEB56F3008522F1 /* StudyGroup.swift */ = {isa = PBXFileReference; lastKnownFileType = sourcecode.swift; path = StudyGroup.swift; sourceTree = "<group>"; };
		19726E781FEB5777008522F1 /* TopViewController.swift */ = {isa = PBXFileReference; lastKnownFileType = sourcecode.swift; path = TopViewController.swift; sourceTree = "<group>"; };
		19726E7A1FEB5A3F008522F1 /* SystemFontViewController.swift */ = {isa = PBXFileReference; lastKnownFileType = sourcecode.swift; path = SystemFontViewController.swift; sourceTree = "<group>"; };
		19726E7C1FEB5BD5008522F1 /* CustomFontViewController.swift */ = {isa = PBXFileReference; lastKnownFileType = sourcecode.swift; path = CustomFontViewController.swift; sourceTree = "<group>"; };
		19726E831FEB5E6C008522F1 /* StudyGroupTableViewCell.swift */ = {isa = PBXFileReference; lastKnownFileType = sourcecode.swift; path = StudyGroupTableViewCell.swift; sourceTree = "<group>"; };
		19726E841FEB5E6C008522F1 /* StudyGroupTableViewCell.xib */ = {isa = PBXFileReference; lastKnownFileType = file.xib; path = StudyGroupTableViewCell.xib; sourceTree = "<group>"; };
		19726E871FEB6151008522F1 /* StudyGroupViewController.swift */ = {isa = PBXFileReference; lastKnownFileType = sourcecode.swift; path = StudyGroupViewController.swift; sourceTree = "<group>"; };
		19726E891FEB63DC008522F1 /* StudyGroupAdvancedTableViewCell.swift */ = {isa = PBXFileReference; lastKnownFileType = sourcecode.swift; path = StudyGroupAdvancedTableViewCell.swift; sourceTree = "<group>"; };
		19726E8B1FEB644F008522F1 /* StudyGroupAdvancedViewController.swift */ = {isa = PBXFileReference; lastKnownFileType = sourcecode.swift; path = StudyGroupAdvancedViewController.swift; sourceTree = "<group>"; };
/* End PBXFileReference section */

/* Begin PBXFrameworksBuildPhase section */
		19726E591FEB5516008522F1 /* Frameworks */ = {
			isa = PBXFrameworksBuildPhase;
			buildActionMask = 2147483647;
			files = (
			);
			runOnlyForDeploymentPostprocessing = 0;
		};
/* End PBXFrameworksBuildPhase section */

/* Begin PBXGroup section */
		19726E531FEB5516008522F1 = {
			isa = PBXGroup;
			children = (
				19726E5E1FEB5516008522F1 /* DynamicTypeSample */,
				19726E5D1FEB5516008522F1 /* Products */,
			);
			sourceTree = "<group>";
		};
		19726E5D1FEB5516008522F1 /* Products */ = {
			isa = PBXGroup;
			children = (
				19726E5C1FEB5516008522F1 /* DynamicTypeSample.app */,
			);
			name = Products;
			sourceTree = "<group>";
		};
		19726E5E1FEB5516008522F1 /* DynamicTypeSample */ = {
			isa = PBXGroup;
			children = (
				19726E5F1FEB5516008522F1 /* AppDelegate.swift */,
				19726E741FEB56B0008522F1 /* Constant.swift */,
				19726E821FEB5E4D008522F1 /* View */,
				19726E721FEB560A008522F1 /* Model */,
				19726E711FEB5600008522F1 /* ViewController */,
				19726E631FEB5516008522F1 /* Main.storyboard */,
				19726E681FEB5516008522F1 /* LaunchScreen.storyboard */,
				19726E661FEB5516008522F1 /* Assets.xcassets */,
				19726E6B1FEB5516008522F1 /* Info.plist */,
			);
			path = DynamicTypeSample;
			sourceTree = "<group>";
		};
		19726E711FEB5600008522F1 /* ViewController */ = {
			isa = PBXGroup;
			children = (
				19726E781FEB5777008522F1 /* TopViewController.swift */,
				19726E7A1FEB5A3F008522F1 /* SystemFontViewController.swift */,
				19726E7C1FEB5BD5008522F1 /* CustomFontViewController.swift */,
				19726E871FEB6151008522F1 /* StudyGroupViewController.swift */,
				19726E8B1FEB644F008522F1 /* StudyGroupAdvancedViewController.swift */,
			);
			path = ViewController;
			sourceTree = "<group>";
		};
		19726E721FEB560A008522F1 /* Model */ = {
			isa = PBXGroup;
			children = (
				19726E761FEB56F3008522F1 /* StudyGroup.swift */,
			);
			path = Model;
			sourceTree = "<group>";
		};
		19726E821FEB5E4D008522F1 /* View */ = {
			isa = PBXGroup;
			children = (
				19726E831FEB5E6C008522F1 /* StudyGroupTableViewCell.swift */,
				19726E841FEB5E6C008522F1 /* StudyGroupTableViewCell.xib */,
				19726E891FEB63DC008522F1 /* StudyGroupAdvancedTableViewCell.swift */,
			);
			path = View;
			sourceTree = "<group>";
		};
/* End PBXGroup section */

/* Begin PBXNativeTarget section */
		19726E5B1FEB5516008522F1 /* DynamicTypeSample */ = {
			isa = PBXNativeTarget;
			buildConfigurationList = 19726E6E1FEB5516008522F1 /* Build configuration list for PBXNativeTarget "DynamicTypeSample" */;
			buildPhases = (
				19726E581FEB5516008522F1 /* Sources */,
				19726E591FEB5516008522F1 /* Frameworks */,
				19726E5A1FEB5516008522F1 /* Resources */,
			);
			buildRules = (
			);
			dependencies = (
			);
			name = DynamicTypeSample;
			productName = DynamicTypeSample;
			productReference = 19726E5C1FEB5516008522F1 /* DynamicTypeSample.app */;
			productType = "com.apple.product-type.application";
		};
/* End PBXNativeTarget section */

/* Begin PBXProject section */
		19726E541FEB5516008522F1 /* Project object */ = {
			isa = PBXProject;
			attributes = {
				LastSwiftUpdateCheck = 0920;
				LastUpgradeCheck = 0920;
				ORGANIZATIONNAME = "麻生 拓弥";
				TargetAttributes = {
					19726E5B1FEB5516008522F1 = {
						CreatedOnToolsVersion = 9.2;
						ProvisioningStyle = Automatic;
					};
				};
			};
			buildConfigurationList = 19726E571FEB5516008522F1 /* Build configuration list for PBXProject "DynamicTypeSample" */;
			compatibilityVersion = "Xcode 8.0";
			developmentRegion = en;
			hasScannedForEncodings = 0;
			knownRegions = (
				en,
				Base,
			);
			mainGroup = 19726E531FEB5516008522F1;
			productRefGroup = 19726E5D1FEB5516008522F1 /* Products */;
			projectDirPath = "";
			projectRoot = "";
			targets = (
				19726E5B1FEB5516008522F1 /* DynamicTypeSample */,
			);
		};
/* End PBXProject section */

/* Begin PBXResourcesBuildPhase section */
		19726E5A1FEB5516008522F1 /* Resources */ = {
			isa = PBXResourcesBuildPhase;
			buildActionMask = 2147483647;
			files = (
				19726E6A1FEB5516008522F1 /* LaunchScreen.storyboard in Resources */,
				19726E861FEB5E6C008522F1 /* StudyGroupTableViewCell.xib in Resources */,
				19726E671FEB5516008522F1 /* Assets.xcassets in Resources */,
				19726E651FEB5516008522F1 /* Main.storyboard in Resources */,
			);
			runOnlyForDeploymentPostprocessing = 0;
		};
/* End PBXResourcesBuildPhase section */

/* Begin PBXSourcesBuildPhase section */
		19726E581FEB5516008522F1 /* Sources */ = {
			isa = PBXSourcesBuildPhase;
			buildActionMask = 2147483647;
			files = (
				19726E7D1FEB5BD5008522F1 /* CustomFontViewController.swift in Sources */,
				19726E7B1FEB5A3F008522F1 /* SystemFontViewController.swift in Sources */,
				19726E791FEB5777008522F1 /* TopViewController.swift in Sources */,
				19726E851FEB5E6C008522F1 /* StudyGroupTableViewCell.swift in Sources */,
				19726E8C1FEB644F008522F1 /* StudyGroupAdvancedViewController.swift in Sources */,
				19726E771FEB56F3008522F1 /* StudyGroup.swift in Sources */,
				19726E601FEB5516008522F1 /* AppDelegate.swift in Sources */,
				19726E8A1FEB63DC008522F1 /* StudyGroupAdvancedTableViewCell.swift in Sources */,
				19726E881FEB6151008522F1 /* StudyGroupViewController.swift in Sources */,
				19726E751FEB56B0008522F1 /* Constant.swift in Sources */,
			);
			runOnlyForDeploymentPostprocessing = 0;
		};
/* End PBXSourcesBuildPhase section */

/* Begin PBXVariantGroup section */
		19726E631FEB5516008522F1 /* Main.storyboard */ = {
			isa = PBXVariantGroup;
			children = (
				19726E641FEB5516008522F1 /* Base */,
			);
			name = Main.storyboard;
			sourceTree = "<group>";
		};
		19726E681FEB5516008522F1 /* LaunchScreen.storyboard */ = {
			isa = PBXVariantGroup;
			children = (
				19726E691FEB5516008522F1 /* Base */,
			);
			name = LaunchScreen.storyboard;
			sourceTree = "<group>";
		};
/* End PBXVariantGroup section */

/* Begin XCBuildConfiguration section */
		19726E6C1FEB5516008522F1 /* Debug */ = {
			isa = XCBuildConfiguration;
			buildSettings = {
				ALWAYS_SEARCH_USER_PATHS = NO;
				CLANG_ANALYZER_NONNULL = YES;
				CLANG_ANALYZER_NUMBER_OBJECT_CONVERSION = YES_AGGRESSIVE;
				CLANG_CXX_LANGUAGE_STANDARD = "gnu++14";
				CLANG_CXX_LIBRARY = "libc++";
				CLANG_ENABLE_MODULES = YES;
				CLANG_ENABLE_OBJC_ARC = YES;
				CLANG_WARN_BLOCK_CAPTURE_AUTORELEASING = YES;
				CLANG_WARN_BOOL_CONVERSION = YES;
				CLANG_WARN_COMMA = YES;
				CLANG_WARN_CONSTANT_CONVERSION = YES;
				CLANG_WARN_DIRECT_OBJC_ISA_USAGE = YES_ERROR;
				CLANG_WARN_DOCUMENTATION_COMMENTS = YES;
				CLANG_WARN_EMPTY_BODY = YES;
				CLANG_WARN_ENUM_CONVERSION = YES;
				CLANG_WARN_INFINITE_RECURSION = YES;
				CLANG_WARN_INT_CONVERSION = YES;
				CLANG_WARN_NON_LITERAL_NULL_CONVERSION = YES;
				CLANG_WARN_OBJC_LITERAL_CONVERSION = YES;
				CLANG_WARN_OBJC_ROOT_CLASS = YES_ERROR;
				CLANG_WARN_RANGE_LOOP_ANALYSIS = YES;
				CLANG_WARN_STRICT_PROTOTYPES = YES;
				CLANG_WARN_SUSPICIOUS_MOVE = YES;
				CLANG_WARN_UNGUARDED_AVAILABILITY = YES_AGGRESSIVE;
				CLANG_WARN_UNREACHABLE_CODE = YES;
				CLANG_WARN__DUPLICATE_METHOD_MATCH = YES;
				CODE_SIGN_IDENTITY = "iPhone Developer";
				COPY_PHASE_STRIP = NO;
				DEBUG_INFORMATION_FORMAT = dwarf;
				ENABLE_STRICT_OBJC_MSGSEND = YES;
				ENABLE_TESTABILITY = YES;
				GCC_C_LANGUAGE_STANDARD = gnu11;
				GCC_DYNAMIC_NO_PIC = NO;
				GCC_NO_COMMON_BLOCKS = YES;
				GCC_OPTIMIZATION_LEVEL = 0;
				GCC_PREPROCESSOR_DEFINITIONS = (
					"DEBUG=1",
					"$(inherited)",
				);
				GCC_WARN_64_TO_32_BIT_CONVERSION = YES;
				GCC_WARN_ABOUT_RETURN_TYPE = YES_ERROR;
				GCC_WARN_UNDECLARED_SELECTOR = YES;
				GCC_WARN_UNINITIALIZED_AUTOS = YES_AGGRESSIVE;
				GCC_WARN_UNUSED_FUNCTION = YES;
				GCC_WARN_UNUSED_VARIABLE = YES;
				IPHONEOS_DEPLOYMENT_TARGET = 11.2;
				MTL_ENABLE_DEBUG_INFO = YES;
				ONLY_ACTIVE_ARCH = YES;
				SDKROOT = iphoneos;
				SWIFT_ACTIVE_COMPILATION_CONDITIONS = DEBUG;
				SWIFT_OPTIMIZATION_LEVEL = "-Onone";
			};
			name = Debug;
		};
		19726E6D1FEB5516008522F1 /* Release */ = {
			isa = XCBuildConfiguration;
			buildSettings = {
				ALWAYS_SEARCH_USER_PATHS = NO;
				CLANG_ANALYZER_NONNULL = YES;
				CLANG_ANALYZER_NUMBER_OBJECT_CONVERSION = YES_AGGRESSIVE;
				CLANG_CXX_LANGUAGE_STANDARD = "gnu++14";
				CLANG_CXX_LIBRARY = "libc++";
				CLANG_ENABLE_MODULES = YES;
				CLANG_ENABLE_OBJC_ARC = YES;
				CLANG_WARN_BLOCK_CAPTURE_AUTORELEASING = YES;
				CLANG_WARN_BOOL_CONVERSION = YES;
				CLANG_WARN_COMMA = YES;
				CLANG_WARN_CONSTANT_CONVERSION = YES;
				CLANG_WARN_DIRECT_OBJC_ISA_USAGE = YES_ERROR;
				CLANG_WARN_DOCUMENTATION_COMMENTS = YES;
				CLANG_WARN_EMPTY_BODY = YES;
				CLANG_WARN_ENUM_CONVERSION = YES;
				CLANG_WARN_INFINITE_RECURSION = YES;
				CLANG_WARN_INT_CONVERSION = YES;
				CLANG_WARN_NON_LITERAL_NULL_CONVERSION = YES;
				CLANG_WARN_OBJC_LITERAL_CONVERSION = YES;
				CLANG_WARN_OBJC_ROOT_CLASS = YES_ERROR;
				CLANG_WARN_RANGE_LOOP_ANALYSIS = YES;
				CLANG_WARN_STRICT_PROTOTYPES = YES;
				CLANG_WARN_SUSPICIOUS_MOVE = YES;
				CLANG_WARN_UNGUARDED_AVAILABILITY = YES_AGGRESSIVE;
				CLANG_WARN_UNREACHABLE_CODE = YES;
				CLANG_WARN__DUPLICATE_METHOD_MATCH = YES;
				CODE_SIGN_IDENTITY = "iPhone Developer";
				COPY_PHASE_STRIP = NO;
				DEBUG_INFORMATION_FORMAT = "dwarf-with-dsym";
				ENABLE_NS_ASSERTIONS = NO;
				ENABLE_STRICT_OBJC_MSGSEND = YES;
				GCC_C_LANGUAGE_STANDARD = gnu11;
				GCC_NO_COMMON_BLOCKS = YES;
				GCC_WARN_64_TO_32_BIT_CONVERSION = YES;
				GCC_WARN_ABOUT_RETURN_TYPE = YES_ERROR;
				GCC_WARN_UNDECLARED_SELECTOR = YES;
				GCC_WARN_UNINITIALIZED_AUTOS = YES_AGGRESSIVE;
				GCC_WARN_UNUSED_FUNCTION = YES;
				GCC_WARN_UNUSED_VARIABLE = YES;
				IPHONEOS_DEPLOYMENT_TARGET = 11.2;
				MTL_ENABLE_DEBUG_INFO = NO;
				SDKROOT = iphoneos;
				SWIFT_OPTIMIZATION_LEVEL = "-Owholemodule";
				VALIDATE_PRODUCT = YES;
			};
			name = Release;
		};
		19726E6F1FEB5516008522F1 /* Debug */ = {
			isa = XCBuildConfiguration;
			buildSettings = {
				ASSETCATALOG_COMPILER_APPICON_NAME = AppIcon;
				CODE_SIGN_STYLE = Automatic;
				DEVELOPMENT_TEAM = 7M7ZGYSAKB;
				INFOPLIST_FILE = DynamicTypeSample/Info.plist;
				IPHONEOS_DEPLOYMENT_TARGET = 10.0;
				LD_RUNPATH_SEARCH_PATHS = "$(inherited) @executable_path/Frameworks";
				PRODUCT_BUNDLE_IDENTIFIER = com.ASTK.DynamicTypeSample;
				PRODUCT_NAME = "$(TARGET_NAME)";
				SWIFT_VERSION = 4.0;
				TARGETED_DEVICE_FAMILY = 1;
			};
			name = Debug;
		};
		19726E701FEB5516008522F1 /* Release */ = {
			isa = XCBuildConfiguration;
			buildSettings = {
				ASSETCATALOG_COMPILER_APPICON_NAME = AppIcon;
				CODE_SIGN_STYLE = Automatic;
				DEVELOPMENT_TEAM = 7M7ZGYSAKB;
				INFOPLIST_FILE = DynamicTypeSample/Info.plist;
				IPHONEOS_DEPLOYMENT_TARGET = 10.0;
				LD_RUNPATH_SEARCH_PATHS = "$(inherited) @executable_path/Frameworks";
				PRODUCT_BUNDLE_IDENTIFIER = com.ASTK.DynamicTypeSample;
				PRODUCT_NAME = "$(TARGET_NAME)";
				SWIFT_VERSION = 4.0;
				TARGETED_DEVICE_FAMILY = 1;
			};
			name = Release;
		};
/* End XCBuildConfiguration section */

/* Begin XCConfigurationList section */
		19726E571FEB5516008522F1 /* Build configuration list for PBXProject "DynamicTypeSample" */ = {
			isa = XCConfigurationList;
			buildConfigurations = (
				19726E6C1FEB5516008522F1 /* Debug */,
				19726E6D1FEB5516008522F1 /* Release */,
			);
			defaultConfigurationIsVisible = 0;
			defaultConfigurationName = Release;
		};
		19726E6E1FEB5516008522F1 /* Build configuration list for PBXNativeTarget "DynamicTypeSample" */ = {
			isa = XCConfigurationList;
			buildConfigurations = (
				19726E6F1FEB5516008522F1 /* Debug */,
				19726E701FEB5516008522F1 /* Release */,
			);
			defaultConfigurationIsVisible = 0;
			defaultConfigurationName = Release;
		};
/* End XCConfigurationList section */
	};
	rootObject = 19726E541FEB5516008522F1 /* Project object */;
}
